
Microsoft Visual Studio Solution File, Format Version 12.00
# Visual Studio Version 17
VisualStudioVersion = 17.13.35828.75 d17.13
MinimumVisualStudioVersion = 10.0.40219.1
Project("{FAE04EC0-301F-11D3-BF4B-00C04F79EFBC}") = "Notes", "Notes\Notes.csproj", "{FAF0418F-66CD-4101-972D-2CF338CF0F26}"
EndProject
Global
	GlobalSection(SolutionConfigurationPlatforms) = preSolution
		Debug|Any CPU = Debug|Any CPU
		Release|Any CPU = Release|Any CPU
	EndGlobalSection
	GlobalSection(ProjectConfigurationPlatforms) = postSolution
		{FAF0418F-66CD-4101-972D-2CF338CF0F26}.Debug|Any CPU.ActiveCfg = Debug|Any CPU
		{FAF0418F-66CD-4101-972D-2CF338CF0F26}.Debug|Any CPU.Build.0 = Debug|Any CPU
		{FAF0418F-66CD-4101-972D-2CF338CF0F26}.Release|Any CPU.ActiveCfg = Release|Any CPU
		{FAF0418F-66CD-4101-972D-2CF338CF0F26}.Release|Any CPU.Build.0 = Release|Any CPU
	EndGlobalSection
	GlobalSection(SolutionProperties) = preSolution
		HideSolutionNode = FALSE
	EndGlobalSection
	GlobalSection(ExtensibilityGlobals) = postSolution
		SolutionGuid = {46BA224C-6B40-4125-8DCB-25ABE7C09CD7}
	EndGlobalSection
EndGlobal
